<?xml version="1.0" encoding="utf-8"?>
<Project ToolsVersion="4.0" xmlns="http://schemas.microsoft.com/developer/msbuild/2003">
  <ItemGroup>
    <Filter Include="Source Files">
      <UniqueIdentifier>{4FC737F1-C7A5-4376-A066-2A32D752A2FF}</UniqueIdentifier>
      <Extensions>cpp;c;cc;cxx;def;odl;idl;hpj;bat;asm;asmx</Extensions>
    </Filter>
    <Filter Include="Header Files">
      <UniqueIdentifier>{93995380-89BD-4b04-88EB-625FBE52EBFB}</UniqueIdentifier>
      <Extensions>h;hh;hpp;hxx;hm;inl;inc;xsd</Extensions>
    </Filter>
    <Filter Include="Resource Files">
      <UniqueIdentifier>{67DA6AB6-F800-4c08-8B7A-83BB121AAD01}</UniqueIdentifier>
      <Extensions>rc;ico;cur;bmp;dlg;rc2;rct;bin;rgs;gif;jpg;jpeg;jpe;resx;tiff;tif;png;wav;mfcribbon-ms</Extensions>
    </Filter>
    <Filter Include="Public Headers">
      <UniqueIdentifier>{d47fbdba-5e24-460a-bba8-824ea0fe874c}</UniqueIdentifier>
    </Filter>
    <Filter Include="Source Files\Generated">
      <UniqueIdentifier>{458f07b7-5414-4e9c-a599-222196e8d2e8}</UniqueIdentifier>
    </Filter>
  </ItemGroup>
  <ItemGroup>
    <ClCompile Include="src\UpdateChecker.cpp">
      <Filter>Source Files</Filter>
    </ClCompile>
    <ClCompile Include="src\Global.cpp">
      <Filter>Source Files</Filter>
    </ClCompile>
    <ClCompile Include="src\OSSupport_Win32.cpp">
      <Filter>Source Files</Filter>
    </ClCompile>
    <ClCompile Include="tmp\MUtilities_VS2013\MOC_UpdateChecker.cpp">
      <Filter>Source Files\Generated</Filter>
    </ClCompile>
    <ClCompile Include="src\Version.cpp">
      <Filter>Source Files</Filter>
    </ClCompile>
    <ClCompile Include="src\KeccakHash.cpp">
      <Filter>Source Files</Filter>
    </ClCompile>
    <ClCompile Include="src\CPUFeatures_Win32.cpp">
      <Filter>Source Files</Filter>
    </ClCompile>
  </ItemGroup>
  <ItemGroup>
    <ClInclude Include="src\CriticalSection_Win32.h">
      <Filter>Header Files</Filter>
    </ClInclude>
    <ClInclude Include="include\MUtils\Exception.h">
      <Filter>Public Headers</Filter>
    </ClInclude>
    <ClInclude Include="include\MUtils\Global.h">
      <Filter>Public Headers</Filter>
    </ClInclude>
    <ClInclude Include="include\MUtils\OSSupport.h">
      <Filter>Public Headers</Filter>
    </ClInclude>
    <ClInclude Include="include\MUtils\Version.h">
      <Filter>Public Headers</Filter>
    </ClInclude>
    <ClInclude Include="include\MUtils\KeccakHash.h">
      <Filter>Public Headers</Filter>
    </ClInclude>
    <ClInclude Include="src\DirLocker.h">
      <Filter>Header Files</Filter>
    </ClInclude>
    <ClInclude Include="include\MUtils\CPUFeatures.h">
      <Filter>Public Headers</Filter>
    </ClInclude>
  </ItemGroup>
  <ItemGroup>
    <CustomBuild Include="include\Mutils\UpdateChecker.h">
      <Filter>Public Headers</Filter>
    </CustomBuild>
  </ItemGroup>
</Project>